PODS:
  - cloud_firestore (6.0.1):
    - Firebase/Firestore (= 12.2.0)
    - firebase_core
    - Flutter
  - cloud_functions (6.0.1):
    - Firebase/Functions (= 12.2.0)
    - firebase_core
    - Flutter
  - device_info_plus (0.0.1):
    - Flutter
  - Firebase/Auth (12.2.0):
    - Firebase/CoreOnly
    - FirebaseAuth (~> 12.2.0)
  - Firebase/CoreOnly (12.2.0):
    - FirebaseCore (~> 12.2.0)
  - Firebase/Crashlytics (12.2.0):
    - Firebase/CoreOnly
    - FirebaseCrashlytics (~> 12.2.0)
  - Firebase/Firestore (12.2.0):
    - Firebase/CoreOnly
    - FirebaseFirestore (~> 12.2.0)
  - Firebase/Functions (12.2.0):
    - Firebase/CoreOnly
    - FirebaseFunctions (~> 12.2.0)
  - Firebase/Messaging (12.2.0):
    - Firebase/CoreOnly
    - FirebaseMessaging (~> 12.2.0)
  - Firebase/RemoteConfig (12.2.0):
    - Firebase/CoreOnly
    - FirebaseRemoteConfig (~> 12.2.0)
  - Firebase/Storage (12.2.0):
    - Firebase/CoreOnly
    - FirebaseStorage (~> 12.2.0)
  - firebase_analytics (12.0.1):
    - firebase_core
    - FirebaseAnalytics (= 12.2.0)
    - Flutter
  - firebase_auth (6.0.2):
    - Firebase/Auth (= 12.2.0)
    - firebase_core
    - Flutter
  - firebase_core (4.1.0):
    - Firebase/CoreOnly (= 12.2.0)
    - Flutter
  - firebase_crashlytics (5.0.1):
    - Firebase/Crashlytics (= 12.2.0)
    - firebase_core
    - Flutter
  - firebase_messaging (16.0.1):
    - Firebase/Messaging (= 12.2.0)
    - firebase_core
    - Flutter
  - firebase_remote_config (6.0.1):
    - Firebase/RemoteConfig (= 12.2.0)
    - firebase_core
    - Flutter
  - firebase_storage (13.0.1):
    - Firebase/Storage (= 12.2.0)
    - firebase_core
    - Flutter
  - FirebaseABTesting (12.2.0):
    - FirebaseCore (~> 12.2.0)
  - FirebaseAnalytics (12.2.0):
    - FirebaseAnalytics/Default (= 12.2.0)
    - FirebaseCore (~> 12.2.0)
    - FirebaseInstallations (~> 12.2.0)
    - GoogleUtilities/AppDelegateSwizzler (~> 8.1)
    - GoogleUtilities/MethodSwizzler (~> 8.1)
    - GoogleUtilities/Network (~> 8.1)
    - "GoogleUtilities/NSData+zlib (~> 8.1)"
    - nanopb (~> 3.30910.0)
  - FirebaseAnalytics/Default (12.2.0):
    - FirebaseCore (~> 12.2.0)
    - FirebaseInstallations (~> 12.2.0)
    - GoogleAppMeasurement/Default (= 12.2.0)
    - GoogleUtilities/AppDelegateSwizzler (~> 8.1)
    - GoogleUtilities/MethodSwizzler (~> 8.1)
    - GoogleUtilities/Network (~> 8.1)
    - "GoogleUtilities/NSData+zlib (~> 8.1)"
    - nanopb (~> 3.30910.0)
  - FirebaseAppCheckInterop (12.2.0)
  - FirebaseAuth (12.2.0):
    - FirebaseAppCheckInterop (~> 12.2.0)
    - FirebaseAuthInterop (~> 12.2.0)
    - FirebaseCore (~> 12.2.0)
    - FirebaseCoreExtension (~> 12.2.0)
    - GoogleUtilities/AppDelegateSwizzler (~> 8.1)
    - GoogleUtilities/Environment (~> 8.1)
    - GTMSessionFetcher/Core (< 6.0, >= 3.4)
    - RecaptchaInterop (~> 101.0)
  - FirebaseAuthInterop (12.2.0)
  - FirebaseCore (12.2.0):
    - FirebaseCoreInternal (~> 12.2.0)
    - GoogleUtilities/Environment (~> 8.1)
    - GoogleUtilities/Logger (~> 8.1)
  - FirebaseCoreExtension (12.2.0):
    - FirebaseCore (~> 12.2.0)
  - FirebaseCoreInternal (12.2.0):
    - "GoogleUtilities/NSData+zlib (~> 8.1)"
  - FirebaseCrashlytics (12.2.0):
    - FirebaseCore (~> 12.2.0)
    - FirebaseInstallations (~> 12.2.0)
    - FirebaseRemoteConfigInterop (~> 12.2.0)
    - FirebaseSessions (~> 12.2.0)
    - GoogleDataTransport (~> 10.1)
    - GoogleUtilities/Environment (~> 8.1)
    - nanopb (~> 3.30910.0)
    - PromisesObjC (~> 2.4)
  - FirebaseFirestore (12.2.0):
    - FirebaseFirestoreBinary (= 12.2.0)
  - FirebaseFirestoreAbseilBinary (1.2024072200.0)
  - FirebaseFirestoreBinary (12.2.0):
    - FirebaseCore (= 12.2.0)
    - FirebaseCoreExtension (= 12.2.0)
    - FirebaseFirestoreInternalBinary (= 12.2.0)
    - FirebaseSharedSwift (= 12.2.0)
  - FirebaseFirestoreGRPCBoringSSLBinary (1.69.0)
  - FirebaseFirestoreGRPCCoreBinary (1.69.0):
    - FirebaseFirestoreAbseilBinary (= 1.2024072200.0)
    - FirebaseFirestoreGRPCBoringSSLBinary (= 1.69.0)
  - FirebaseFirestoreGRPCCPPBinary (1.69.0):
    - FirebaseFirestoreAbseilBinary (= 1.2024072200.0)
    - FirebaseFirestoreGRPCCoreBinary (= 1.69.0)
  - FirebaseFirestoreInternalBinary (12.2.0):
    - FirebaseCore (= 12.2.0)
    - FirebaseFirestoreAbseilBinary (= 1.2024072200.0)
    - FirebaseFirestoreGRPCCPPBinary (= 1.69.0)
    - leveldb-library (~> 1.22)
    - nanopb (~> 3.30910.0)
  - FirebaseFunctions (12.2.0):
    - FirebaseAppCheckInterop (~> 12.2.0)
    - FirebaseAuthInterop (~> 12.2.0)
    - FirebaseCore (~> 12.2.0)
    - FirebaseCoreExtension (~> 12.2.0)
    - FirebaseMessagingInterop (~> 12.2.0)
    - FirebaseSharedSwift (~> 12.2.0)
    - GTMSessionFetcher/Core (< 6.0, >= 3.4)
  - FirebaseInstallations (12.2.0):
    - FirebaseCore (~> 12.2.0)
    - GoogleUtilities/Environment (~> 8.1)
    - GoogleUtilities/UserDefaults (~> 8.1)
    - PromisesObjC (~> 2.4)
  - FirebaseMessaging (12.2.0):
    - FirebaseCore (~> 12.2.0)
    - FirebaseInstallations (~> 12.2.0)
    - GoogleDataTransport (~> 10.1)
    - GoogleUtilities/AppDelegateSwizzler (~> 8.1)
    - GoogleUtilities/Environment (~> 8.1)
    - GoogleUtilities/Reachability (~> 8.1)
    - GoogleUtilities/UserDefaults (~> 8.1)
    - nanopb (~> 3.30910.0)
  - FirebaseMessagingInterop (12.2.0)
  - FirebaseRemoteConfig (12.2.0):
    - FirebaseABTesting (~> 12.2.0)
    - FirebaseCore (~> 12.2.0)
    - FirebaseInstallations (~> 12.2.0)
    - FirebaseRemoteConfigInterop (~> 12.2.0)
    - FirebaseSharedSwift (~> 12.2.0)
    - GoogleUtilities/Environment (~> 8.1)
    - "GoogleUtilities/NSData+zlib (~> 8.1)"
  - FirebaseRemoteConfigInterop (12.2.0)
  - FirebaseSessions (12.2.0):
    - FirebaseCore (~> 12.2.0)
    - FirebaseCoreExtension (~> 12.2.0)
    - FirebaseInstallations (~> 12.2.0)
    - GoogleDataTransport (~> 10.1)
    - GoogleUtilities/Environment (~> 8.1)
    - GoogleUtilities/UserDefaults (~> 8.1)
    - nanopb (~> 3.30910.0)
    - PromisesSwift (~> 2.1)
  - FirebaseSharedSwift (12.2.0)
  - FirebaseStorage (12.2.0):
    - FirebaseAppCheckInterop (~> 12.2.0)
    - FirebaseAuthInterop (~> 12.2.0)
    - FirebaseCore (~> 12.2.0)
    - FirebaseCoreExtension (~> 12.2.0)
    - GoogleUtilities/Environment (~> 8.1)
    - GTMSessionFetcher/Core (< 6.0, >= 3.4)
  - Flutter (1.0.0)
  - flutter_image_compress_common (1.0.0):
    - Flutter
    - Mantle
    - SDWebImage
    - SDWebImageWebPCoder
  - flutter_inappwebview_ios (0.0.1):
    - Flutter
    - flutter_inappwebview_ios/Core (= 0.0.1)
    - OrderedSet (~> 6.0.3)
  - flutter_inappwebview_ios/Core (0.0.1):
    - Flutter
    - OrderedSet (~> 6.0.3)
  - flutter_local_notifications (0.0.1):
    - Flutter
  - flutter_timezone (0.0.1):
    - Flutter
  - GoogleAdsOnDeviceConversion (2.3.0):
    - GoogleUtilities/Logger (~> 8.1)
    - GoogleUtilities/Network (~> 8.1)
    - nanopb (~> 3.30910.0)
  - GoogleAppMeasurement/Core (12.2.0):
    - GoogleUtilities/AppDelegateSwizzler (~> 8.1)
    - GoogleUtilities/MethodSwizzler (~> 8.1)
    - GoogleUtilities/Network (~> 8.1)
    - "GoogleUtilities/NSData+zlib (~> 8.1)"
    - nanopb (~> 3.30910.0)
  - GoogleAppMeasurement/Default (12.2.0):
    - GoogleAdsOnDeviceConversion (= 2.3.0)
    - GoogleAppMeasurement/Core (= 12.2.0)
    - GoogleAppMeasurement/IdentitySupport (= 12.2.0)
    - GoogleUtilities/AppDelegateSwizzler (~> 8.1)
    - GoogleUtilities/MethodSwizzler (~> 8.1)
    - GoogleUtilities/Network (~> 8.1)
    - "GoogleUtilities/NSData+zlib (~> 8.1)"
    - nanopb (~> 3.30910.0)
  - GoogleAppMeasurement/IdentitySupport (12.2.0):
    - GoogleAppMeasurement/Core (= 12.2.0)
    - GoogleUtilities/AppDelegateSwizzler (~> 8.1)
    - GoogleUtilities/MethodSwizzler (~> 8.1)
    - GoogleUtilities/Network (~> 8.1)
    - "GoogleUtilities/NSData+zlib (~> 8.1)"
    - nanopb (~> 3.30910.0)
  - GoogleDataTransport (10.1.0):
    - nanopb (~> 3.30910.0)
    - PromisesObjC (~> 2.4)
  - GoogleUtilities/AppDelegateSwizzler (8.1.0):
    - GoogleUtilities/Environment
    - GoogleUtilities/Logger
    - GoogleUtilities/Network
    - GoogleUtilities/Privacy
  - GoogleUtilities/Environment (8.1.0):
    - GoogleUtilities/Privacy
  - GoogleUtilities/Logger (8.1.0):
    - GoogleUtilities/Environment
    - GoogleUtilities/Privacy
  - GoogleUtilities/MethodSwizzler (8.1.0):
    - GoogleUtilities/Logger
    - GoogleUtilities/Privacy
  - GoogleUtilities/Network (8.1.0):
    - GoogleUtilities/Logger
    - "GoogleUtilities/NSData+zlib"
    - GoogleUtilities/Privacy
    - GoogleUtilities/Reachability
  - "GoogleUtilities/NSData+zlib (8.1.0)":
    - GoogleUtilities/Privacy
  - GoogleUtilities/Privacy (8.1.0)
  - GoogleUtilities/Reachability (8.1.0):
    - GoogleUtilities/Logger
    - GoogleUtilities/Privacy
  - GoogleUtilities/UserDefaults (8.1.0):
    - GoogleUtilities/Logger
    - GoogleUtilities/Privacy
  - GTMSessionFetcher/Core (5.0.0)
  - image_cropper (0.0.4):
    - Flutter
    - TOCropViewController (~> 2.7.4)
  - image_gallery_saver_plus (0.0.1):
    - Flutter
  - image_picker_ios (0.0.1):
    - Flutter
  - integration_test (0.0.1):
    - Flutter
  - leveldb-library (1.22.6)
  - libwebp (1.5.0):
    - libwebp/demux (= 1.5.0)
    - libwebp/mux (= 1.5.0)
    - libwebp/sharpyuv (= 1.5.0)
    - libwebp/webp (= 1.5.0)
  - libwebp/demux (1.5.0):
    - libwebp/webp
  - libwebp/mux (1.5.0):
    - libwebp/demux
  - libwebp/sharpyuv (1.5.0)
  - libwebp/webp (1.5.0):
    - libwebp/sharpyuv
  - Mantle (2.2.0):
    - Mantle/extobjc (= 2.2.0)
  - Mantle/extobjc (2.2.0)
  - map_launcher (0.0.1):
    - Flutter
  - nanopb (3.30910.0):
    - nanopb/decode (= 3.30910.0)
    - nanopb/encode (= 3.30910.0)
  - nanopb/decode (3.30910.0)
  - nanopb/encode (3.30910.0)
  - OrderedSet (6.0.3)
  - package_info_plus (0.4.5):
    - Flutter
  - path_provider_foundation (0.0.1):
    - Flutter
    - FlutterMacOS
  - permission_handler_apple (9.3.0):
    - Flutter
  - PromisesObjC (2.4.0)
  - PromisesSwift (2.4.0):
    - PromisesObjC (= 2.4.0)
  - RecaptchaInterop (101.0.0)
  - SDWebImage (5.21.2):
    - SDWebImage/Core (= 5.21.2)
  - SDWebImage/Core (5.21.2)
  - SDWebImageWebPCoder (0.14.6):
    - libwebp (~> 1.0)
    - SDWebImage/Core (~> 5.17)
  - share_plus (0.0.1):
    - Flutter
  - shared_preferences_foundation (0.0.1):
    - Flutter
    - FlutterMacOS
  - TOCropViewController (2.7.4)
  - url_launcher_ios (0.0.1):
    - Flutter

DEPENDENCIES:
  - cloud_firestore (from `.symlinks/plugins/cloud_firestore/ios`)
  - cloud_functions (from `.symlinks/plugins/cloud_functions/ios`)
  - device_info_plus (from `.symlinks/plugins/device_info_plus/ios`)
  - firebase_analytics (from `.symlinks/plugins/firebase_analytics/ios`)
  - firebase_auth (from `.symlinks/plugins/firebase_auth/ios`)
  - firebase_core (from `.symlinks/plugins/firebase_core/ios`)
  - firebase_crashlytics (from `.symlinks/plugins/firebase_crashlytics/ios`)
  - firebase_messaging (from `.symlinks/plugins/firebase_messaging/ios`)
  - firebase_remote_config (from `.symlinks/plugins/firebase_remote_config/ios`)
  - firebase_storage (from `.symlinks/plugins/firebase_storage/ios`)
  - FirebaseFirestore (from `https://github.com/invertase/firestore-ios-sdk-frameworks.git`, tag `12.2.0`)
  - Flutter (from `Flutter`)
  - flutter_image_compress_common (from `.symlinks/plugins/flutter_image_compress_common/ios`)
  - flutter_inappwebview_ios (from `.symlinks/plugins/flutter_inappwebview_ios/ios`)
  - flutter_local_notifications (from `.symlinks/plugins/flutter_local_notifications/ios`)
  - flutter_timezone (from `.symlinks/plugins/flutter_timezone/ios`)
  - image_cropper (from `.symlinks/plugins/image_cropper/ios`)
  - image_gallery_saver_plus (from `.symlinks/plugins/image_gallery_saver_plus/ios`)
  - image_picker_ios (from `.symlinks/plugins/image_picker_ios/ios`)
  - integration_test (from `.symlinks/plugins/integration_test/ios`)
  - map_launcher (from `.symlinks/plugins/map_launcher/ios`)
  - package_info_plus (from `.symlinks/plugins/package_info_plus/ios`)
  - path_provider_foundation (from `.symlinks/plugins/path_provider_foundation/darwin`)
  - permission_handler_apple (from `.symlinks/plugins/permission_handler_apple/ios`)
  - share_plus (from `.symlinks/plugins/share_plus/ios`)
  - shared_preferences_foundation (from `.symlinks/plugins/shared_preferences_foundation/darwin`)
  - url_launcher_ios (from `.symlinks/plugins/url_launcher_ios/ios`)

SPEC REPOS:
  trunk:
    - Firebase
    - FirebaseABTesting
    - FirebaseAnalytics
    - FirebaseAppCheckInterop
    - FirebaseAuth
    - FirebaseAuthInterop
    - FirebaseCore
    - FirebaseCoreExtension
    - FirebaseCoreInternal
    - FirebaseCrashlytics
    - FirebaseFirestoreAbseilBinary
    - FirebaseFirestoreBinary
    - FirebaseFirestoreGRPCBoringSSLBinary
    - FirebaseFirestoreGRPCCoreBinary
    - FirebaseFirestoreGRPCCPPBinary
    - FirebaseFirestoreInternalBinary
    - FirebaseFunctions
    - FirebaseInstallations
    - FirebaseMessaging
    - FirebaseMessagingInterop
    - FirebaseRemoteConfig
    - FirebaseRemoteConfigInterop
    - FirebaseSessions
    - FirebaseSharedSwift
    - FirebaseStorage
    - GoogleAdsOnDeviceConversion
    - GoogleAppMeasurement
    - GoogleDataTransport
    - GoogleUtilities
    - GTMSessionFetcher
    - leveldb-library
    - libwebp
    - Mantle
    - nanopb
    - OrderedSet
    - PromisesObjC
    - PromisesSwift
    - RecaptchaInterop
    - SDWebImage
    - SDWebImageWebPCoder
    - TOCropViewController

EXTERNAL SOURCES:
  cloud_firestore:
    :path: ".symlinks/plugins/cloud_firestore/ios"
  cloud_functions:
    :path: ".symlinks/plugins/cloud_functions/ios"
  device_info_plus:
    :path: ".symlinks/plugins/device_info_plus/ios"
  firebase_analytics:
    :path: ".symlinks/plugins/firebase_analytics/ios"
  firebase_auth:
    :path: ".symlinks/plugins/firebase_auth/ios"
  firebase_core:
    :path: ".symlinks/plugins/firebase_core/ios"
  firebase_crashlytics:
    :path: ".symlinks/plugins/firebase_crashlytics/ios"
  firebase_messaging:
    :path: ".symlinks/plugins/firebase_messaging/ios"
  firebase_remote_config:
    :path: ".symlinks/plugins/firebase_remote_config/ios"
  firebase_storage:
    :path: ".symlinks/plugins/firebase_storage/ios"
  FirebaseFirestore:
    :git: https://github.com/invertase/firestore-ios-sdk-frameworks.git
    :tag: 12.2.0
  Flutter:
    :path: Flutter
  flutter_image_compress_common:
    :path: ".symlinks/plugins/flutter_image_compress_common/ios"
  flutter_inappwebview_ios:
    :path: ".symlinks/plugins/flutter_inappwebview_ios/ios"
  flutter_local_notifications:
    :path: ".symlinks/plugins/flutter_local_notifications/ios"
  flutter_timezone:
    :path: ".symlinks/plugins/flutter_timezone/ios"
  image_cropper:
    :path: ".symlinks/plugins/image_cropper/ios"
  image_gallery_saver_plus:
    :path: ".symlinks/plugins/image_gallery_saver_plus/ios"
  image_picker_ios:
    :path: ".symlinks/plugins/image_picker_ios/ios"
  integration_test:
    :path: ".symlinks/plugins/integration_test/ios"
  map_launcher:
    :path: ".symlinks/plugins/map_launcher/ios"
  package_info_plus:
    :path: ".symlinks/plugins/package_info_plus/ios"
  path_provider_foundation:
    :path: ".symlinks/plugins/path_provider_foundation/darwin"
  permission_handler_apple:
    :path: ".symlinks/plugins/permission_handler_apple/ios"
  share_plus:
    :path: ".symlinks/plugins/share_plus/ios"
  shared_preferences_foundation:
    :path: ".symlinks/plugins/shared_preferences_foundation/darwin"
  url_launcher_ios:
    :path: ".symlinks/plugins/url_launcher_ios/ios"

CHECKOUT OPTIONS:
  FirebaseFirestore:
    :git: https://github.com/invertase/firestore-ios-sdk-frameworks.git
    :tag: 12.2.0

SPEC CHECKSUMS:
  cloud_firestore: d67bc84da67d31e982c94331d9ab947bc2316868
  cloud_functions: 4c3d04f004dc25f83251d5b4619ebbe5dafb54b4
  device_info_plus: bf2e3232933866d73fe290f2942f2156cdd10342
  Firebase: 26f6f8d460603af3df970ad505b16b15f5e2e9a1
  firebase_analytics: cad607594fc56b3743691f37000d81cde0a86237
  firebase_auth: 9270662fd9824ff308da6b16a118f70a7f91fc81
  firebase_core: 3b9065a1037f7f2e360077d2aa5fb6ec9adb3005
  firebase_crashlytics: 0d84e61860fcc67faf4d3a59664ce13a5622dbc0
  firebase_messaging: bd5fd047fb48ca5b8010c35e9ac85fe436d363f2
  firebase_remote_config: d3ccfec7728ccab7ff51d47211cd2e0f0eb188f7
  firebase_storage: 4cdcb8d1ae26a7146fae33bff6db126e74557399
  FirebaseABTesting: 32f3fc079d72c9b93e000b60877c4e4f62ef7031
  FirebaseAnalytics: e04e23bc070e3014aa5cf4980f9df7ce5cd79ec8
  FirebaseAppCheckInterop: a1b2598c64c5a8c42fd6f6a1c3d0938ae4324678
  FirebaseAuth: 059c11702bdb759bb49b6c7ec6ff67abf21f39c4
  FirebaseAuthInterop: 217702acd4cc6baa98ba9d6c054532e0de0b8a16
  FirebaseCore: 311c48a147ad4a0ab7febbaed89e8025c67510cd
  FirebaseCoreExtension: 73af080c22a2f7b44cefa391dc08f7e4ee162cb5
  FirebaseCoreInternal: 56ea29f3dad2894f81b060f706f9d53509b6ed3b
  FirebaseCrashlytics: f83cbf176d5c637ade108c0aacf1ccbd5ec499bf
  FirebaseFirestore: b80acab551c71e3056b7600b61020f33e1475c5a
  FirebaseFirestoreAbseilBinary: 4cfa8823cedc1b774843e04fe578ad279b387f97
  FirebaseFirestoreBinary: 9ab1071ed6e4ab22e8852ed09d0053a69f8be91d
  FirebaseFirestoreGRPCBoringSSLBinary: c3dfef3ff448ae2c1c85f9baf9fac5afc4db99fa
  FirebaseFirestoreGRPCCoreBinary: 565534e160a0415d12185f7f171c52a567382fbd
  FirebaseFirestoreGRPCCPPBinary: 6c0134e8d230ee58b9d51dec2a30a48efd6d5dc7
  FirebaseFirestoreInternalBinary: 88e8e266f43981c15bd261f388fb7d8398e135bb
  FirebaseFunctions: fc68f7e566da9b2eb714f66bc9e633d3111da7fb
  FirebaseInstallations: 3e884b01feabdf67582a80f3250425a00979b4ed
  FirebaseMessaging: 43ec73bbfedd0c385a849bb91593ab4ad4b9e48e
  FirebaseMessagingInterop: 913e21aa8526740cd2ac17b30e89dd3e56ff112e
  FirebaseRemoteConfig: e3ae5500b92e813f3a0b12fa09701a26441dfc95
  FirebaseRemoteConfigInterop: 0896fd52ab72586a355c8f389ff85aaa9e5375e1
  FirebaseSessions: f4692789e770bec66ce17d772c0e9561c4f11737
  FirebaseSharedSwift: 52d868d4c269fcb4e4e1310c548435a9c1f46e25
  FirebaseStorage: f1578d57e1fd3683fc05f5d4d7b24b7490b321ac
  Flutter: cabc95a1d2626b1b06e7179b784ebcf0c0cde467
  flutter_image_compress_common: ec1d45c362c9d30a3f6a0426c297f47c52007e3e
  flutter_inappwebview_ios: 6f63631e2c62a7c350263b13fa5427aedefe81d4
  flutter_local_notifications: ff50f8405aaa0ccdc7dcfb9022ca192e8ad9688f
  flutter_timezone: ac3da59ac941ff1c98a2e1f0293420e020120282
  GoogleAdsOnDeviceConversion: 9090c435cde08903e8dd1ba2c77fbec9e46d9afe
  GoogleAppMeasurement: 09f341dfa8527d1612a09cbfe809a242c0b737af
  GoogleDataTransport: aae35b7ea0c09004c3797d53c8c41f66f219d6a7
  GoogleUtilities: 00c88b9a86066ef77f0da2fab05f65d7768ed8e1
  GTMSessionFetcher: 02d6e866e90bc236f48a703a041dfe43e6221a29
  image_cropper: e0bb0042e4404ff2ef134e5cf0492cbd892156cd
  image_gallery_saver_plus: 782ade975fe6a4600b53e7c1983e3a2979d1e9e5
  image_picker_ios: c560581cceedb403a6ff17f2f816d7fea1421fc1
  integration_test: 252f60fa39af5e17c3aa9899d35d908a0721b573
  leveldb-library: cc8b8f8e013647a295ad3f8cd2ddf49a6f19be19
  libwebp: 02b23773aedb6ff1fd38cec7a77b81414c6842a8
  Mantle: c5aa8794a29a022dfbbfc9799af95f477a69b62d
  map_launcher: 8a4e484aaddff55680a7da9bc9e25f512067fb87
  nanopb: fad817b59e0457d11a5dfbde799381cd727c1275
  OrderedSet: e539b66b644ff081c73a262d24ad552a69be3a94
  package_info_plus: c0502532a26c7662a62a356cebe2692ec5fe4ec4
  path_provider_foundation: 2b6b4c569c0fb62ec74538f866245ac84301af46
  permission_handler_apple: 9878588469a2b0d0fc1e048d9f43605f92e6cec2
  PromisesObjC: f5707f49cb48b9636751c5b2e7d227e43fba9f47
  PromisesSwift: 9d77319bbe72ebf6d872900551f7eeba9bce2851
  RecaptchaInterop: 11e0b637842dfb48308d242afc3f448062325aba
  SDWebImage: 9f177d83116802728e122410fb25ad88f5c7608a
  SDWebImageWebPCoder: e38c0a70396191361d60c092933e22c20d5b1380
  share_plus: 8b6f8b3447e494cca5317c8c3073de39b3600d1f
  shared_preferences_foundation: fcdcbc04712aee1108ac7fda236f363274528f78
  TOCropViewController: 80b8985ad794298fb69d3341de183f33d1853654
  url_launcher_ios: 5334b05cef931de560670eeae103fd3e431ac3fe

PODFILE CHECKSUM: 290d2e3aea61024d49feb80ef8612e200aa1779d

COCOAPODS: 1.16.2
